// !$*UTF8*$!
{
	archiveVersion = 1;
	classes = {
	};
	objectVersion = 46;
	objects = {

/* Begin PBXBuildFile section */
		BECF97601D0534A400E4DA11 /* AppDelegate.swift in Sources */ = {isa = PBXBuildFile; fileRef = BECF975F1D0534A400E4DA11 /* AppDelegate.swift */; };
		BECF97621D0534A400E4DA11 /* ViewController.swift in Sources */ = {isa = PBXBuildFile; fileRef = BECF97611D0534A400E4DA11 /* ViewController.swift */; };
		BECF97651D0534A400E4DA11 /* Main.storyboard in Resources */ = {isa = PBXBuildFile; fileRef = BECF97631D0534A400E4DA11 /* Main.storyboard */; };
		BECF97671D0534A400E4DA11 /* Assets.xcassets in Resources */ = {isa = PBXBuildFile; fileRef = BECF97661D0534A400E4DA11 /* Assets.xcassets */; };
		BECF976A1D0534A400E4DA11 /* LaunchScreen.storyboard in Resources */ = {isa = PBXBuildFile; fileRef = BECF97681D0534A400E4DA11 /* LaunchScreen.storyboard */; };
		BECF977A1D05370B00E4DA11 /* UIView+Convenience.swift in Sources */ = {isa = PBXBuildFile; fileRef = BECF97791D05370B00E4DA11 /* UIView+Convenience.swift */; };
		BECF977D1D053D4A00E4DA11 /* MenuView.swift in Sources */ = {isa = PBXBuildFile; fileRef = BECF977C1D053D4A00E4DA11 /* MenuView.swift */; };
		BECF977F1D053D8600E4DA11 /* MenuView.xib in Resources */ = {isa = PBXBuildFile; fileRef = BECF977E1D053D8600E4DA11 /* MenuView.xib */; };
/* End PBXBuildFile section */

/* Begin PBXFileReference section */
		BECF975C1D0534A400E4DA11 /* ScrollMenu.app */ = {isa = PBXFileReference; explicitFileType = wrapper.application; includeInIndex = 0; path = ScrollMenu.app; sourceTree = BUILT_PRODUCTS_DIR; };
		BECF975F1D0534A400E4DA11 /* AppDelegate.swift */ = {isa = PBXFileReference; lastKnownFileType = sourcecode.swift; path = AppDelegate.swift; sourceTree = "<group>"; };
		BECF97611D0534A400E4DA11 /* ViewController.swift */ = {isa = PBXFileReference; lastKnownFileType = sourcecode.swift; path = ViewController.swift; sourceTree = "<group>"; };
		BECF97641D0534A400E4DA11 /* Base */ = {isa = PBXFileReference; lastKnownFileType = file.storyboard; name = Base; path = Base.lproj/Main.storyboard; sourceTree = "<group>"; };
		BECF97661D0534A400E4DA11 /* Assets.xcassets */ = {isa = PBXFileReference; lastKnownFileType = folder.assetcatalog; path = Assets.xcassets; sourceTree = "<group>"; };
		BECF97691D0534A400E4DA11 /* Base */ = {isa = PBXFileReference; lastKnownFileType = file.storyboard; name = Base; path = Base.lproj/LaunchScreen.storyboard; sourceTree = "<group>"; };
		BECF976B1D0534A400E4DA11 /* Info.plist */ = {isa = PBXFileReference; lastKnownFileType = text.plist.xml; name = Info.plist; path = ScrollMenu/Info.plist; sourceTree = "<group>"; };
		BECF97791D05370B00E4DA11 /* UIView+Convenience.swift */ = {isa = PBXFileReference; fileEncoding = 4; lastKnownFileType = sourcecode.swift; path = "UIView+Convenience.swift"; sourceTree = "<group>"; };
		BECF977C1D053D4A00E4DA11 /* MenuView.swift */ = {isa = PBXFileReference; fileEncoding = 4; lastKnownFileType = sourcecode.swift; path = MenuView.swift; sourceTree = "<group>"; };
		BECF977E1D053D8600E4DA11 /* MenuView.xib */ = {isa = PBXFileReference; fileEncoding = 4; lastKnownFileType = file.xib; path = MenuView.xib; sourceTree = "<group>"; };
/* End PBXFileReference section */

/* Begin PBXFrameworksBuildPhase section */
		BECF97591D0534A400E4DA11 /* Frameworks */ = {
			isa = PBXFrameworksBuildPhase;
			buildActionMask = 2147483647;
			files = (
			);
			runOnlyForDeploymentPostprocessing = 0;
		};
/* End PBXFrameworksBuildPhase section */

/* Begin PBXGroup section */
		BECF97531D0534A400E4DA11 = {
			isa = PBXGroup;
			children = (
				BECF975E1D0534A400E4DA11 /* ScrollMenu */,
				BECF975D1D0534A400E4DA11 /* Products */,
			);
			sourceTree = "<group>";
		};
		BECF975D1D0534A400E4DA11 /* Products */ = {
			isa = PBXGroup;
			children = (
				BECF975C1D0534A400E4DA11 /* ScrollMenu.app */,
			);
			name = Products;
			sourceTree = "<group>";
		};
		BECF975E1D0534A400E4DA11 /* ScrollMenu */ = {
			isa = PBXGroup;
			children = (
				BECF97711D05365900E4DA11 /* Classes */,
				BECF97751D05369400E4DA11 /* Resources */,
				BECF97781D0536E000E4DA11 /* Supporting Files */,
			);
			path = ScrollMenu;
			sourceTree = "<group>";
		};
		BECF97711D05365900E4DA11 /* Classes */ = {
			isa = PBXGroup;
			children = (
				BECF97721D05365F00E4DA11 /* AppDelegate */,
				BECF97731D05367100E4DA11 /* Controllers */,
				BECF97741D05367500E4DA11 /* Helpers */,
				BECF977B1D053D3300E4DA11 /* Views */,
			);
			name = Classes;
			sourceTree = "<group>";
		};
		BECF97721D05365F00E4DA11 /* AppDelegate */ = {
			isa = PBXGroup;
			children = (
				BECF975F1D0534A400E4DA11 /* AppDelegate.swift */,
			);
			name = AppDelegate;
			sourceTree = "<group>";
		};
		BECF97731D05367100E4DA11 /* Controllers */ = {
			isa = PBXGroup;
			children = (
				BECF97611D0534A400E4DA11 /* ViewController.swift */,
			);
			name = Controllers;
			sourceTree = "<group>";
		};
		BECF97741D05367500E4DA11 /* Helpers */ = {
			isa = PBXGroup;
			children = (
				BECF97791D05370B00E4DA11 /* UIView+Convenience.swift */,
			);
			name = Helpers;
			sourceTree = "<group>";
		};
		BECF97751D05369400E4DA11 /* Resources */ = {
			isa = PBXGroup;
			children = (
				BECF97761D0536A200E4DA11 /* NIBs */,
				BECF97771D0536AA00E4DA11 /* Images */,
			);
			name = Resources;
			sourceTree = "<group>";
		};
		BECF97761D0536A200E4DA11 /* NIBs */ = {
			isa = PBXGroup;
			children = (
				BECF97631D0534A400E4DA11 /* Main.storyboard */,
				BECF97681D0534A400E4DA11 /* LaunchScreen.storyboard */,
			);
			name = NIBs;
			sourceTree = "<group>";
		};
		BECF97771D0536AA00E4DA11 /* Images */ = {
			isa = PBXGroup;
			children = (
				BECF97661D0534A400E4DA11 /* Assets.xcassets */,
			);
			name = Images;
			sourceTree = "<group>";
		};
		BECF97781D0536E000E4DA11 /* Supporting Files */ = {
			isa = PBXGroup;
			children = (
				BECF976B1D0534A400E4DA11 /* Info.plist */,
			);
			name = "Supporting Files";
			path = ..;
			sourceTree = "<group>";
		};
		BECF977B1D053D3300E4DA11 /* Views */ = {
			isa = PBXGroup;
			children = (
				BECF977C1D053D4A00E4DA11 /* MenuView.swift */,
				BECF977E1D053D8600E4DA11 /* MenuView.xib */,
			);
			name = Views;
			sourceTree = "<group>";
		};
/* End PBXGroup section */

/* Begin PBXNativeTarget section */
		BECF975B1D0534A400E4DA11 /* ScrollMenu */ = {
			isa = PBXNativeTarget;
			buildConfigurationList = BECF976E1D0534A400E4DA11 /* Build configuration list for PBXNativeTarget "ScrollMenu" */;
			buildPhases = (
				BECF97581D0534A400E4DA11 /* Sources */,
				BECF97591D0534A400E4DA11 /* Frameworks */,
				BECF975A1D0534A400E4DA11 /* Resources */,
			);
			buildRules = (
			);
			dependencies = (
			);
			name = ScrollMenu;
			productName = ScrollMenu;
			productReference = BECF975C1D0534A400E4DA11 /* ScrollMenu.app */;
			productType = "com.apple.product-type.application";
		};
/* End PBXNativeTarget section */

/* Begin PBXProject section */
		BECF97541D0534A400E4DA11 /* Project object */ = {
			isa = PBXProject;
			attributes = {
				LastSwiftUpdateCheck = 0730;
				LastUpgradeCheck = 0730;
				ORGANIZATIONNAME = "Paul Jarysta";
				TargetAttributes = {
					BECF975B1D0534A400E4DA11 = {
						CreatedOnToolsVersion = 7.3.1;
					};
				};
			};
			buildConfigurationList = BECF97571D0534A400E4DA11 /* Build configuration list for PBXProject "ScrollMenu" */;
			compatibilityVersion = "Xcode 3.2";
			developmentRegion = English;
			hasScannedForEncodings = 0;
			knownRegions = (
				en,
				Base,
			);
			mainGroup = BECF97531D0534A400E4DA11;
			productRefGroup = BECF975D1D0534A400E4DA11 /* Products */;
			projectDirPath = "";
			projectRoot = "";
			targets = (
				BECF975B1D0534A400E4DA11 /* ScrollMenu */,
			);
		};
/* End PBXProject section */

/* Begin PBXResourcesBuildPhase section */
		BECF975A1D0534A400E4DA11 /* Resources */ = {
			isa = PBXResourcesBuildPhase;
			buildActionMask = 2147483647;
			files = (
				BECF976A1D0534A400E4DA11 /* LaunchScreen.storyboard in Resources */,
				BECF977F1D053D8600E4DA11 /* MenuView.xib in Resources */,
				BECF97671D0534A400E4DA11 /* Assets.xcassets in Resources */,
				BECF97651D0534A400E4DA11 /* Main.storyboard in Resources */,
			);
			runOnlyForDeploymentPostprocessing = 0;
		};
/* End PBXResourcesBuildPhase section */

/* Begin PBXSourcesBuildPhase section */
		BECF97581D0534A400E4DA11 /* Sources */ = {
			isa = PBXSourcesBuildPhase;
			buildActionMask = 2147483647;
			files = (
				BECF97621D0534A400E4DA11 /* ViewController.swift in Sources */,
				BECF977D1D053D4A00E4DA11 /* MenuView.swift in Sources */,
				BECF97601D0534A400E4DA11 /* AppDelegate.swift in Sources */,
				BECF977A1D05370B00E4DA11 /* UIView+Convenience.swift in Sources */,
			);
			runOnlyForDeploymentPostprocessing = 0;
		};
/* End PBXSourcesBuildPhase section */

/* Begin PBXVariantGroup section */
		BECF97631D0534A400E4DA11 /* Main.storyboard */ = {
			isa = PBXVariantGroup;
			children = (
				BECF97641D0534A400E4DA11 /* Base */,
			);
			name = Main.storyboard;
			sourceTree = "<group>";
		};
		BECF97681D0534A400E4DA11 /* LaunchScreen.storyboard */ = {
			isa = PBXVariantGroup;
			children = (
				BECF97691D0534A400E4DA11 /* Base */,
			);
			name = LaunchScreen.storyboard;
			sourceTree = "<group>";
		};
/* End PBXVariantGroup section */

/* Begin XCBuildConfiguration section */
		BECF976C1D0534A400E4DA11 /* Debug */ = {
			isa = XCBuildConfiguration;
			buildSettings = {
				ALWAYS_SEARCH_USER_PATHS = NO;
				CLANG_ANALYZER_NONNULL = YES;
				CLANG_CXX_LANGUAGE_STANDARD = "gnu++0x";
				CLANG_CXX_LIBRARY = "libc++";
				CLANG_ENABLE_MODULES = YES;
				CLANG_ENABLE_OBJC_ARC = YES;
				CLANG_WARN_BOOL_CONVERSION = YES;
				CLANG_WARN_CONSTANT_CONVERSION = YES;
				CLANG_WARN_DIRECT_OBJC_ISA_USAGE = YES_ERROR;
				CLANG_WARN_EMPTY_BODY = YES;
				CLANG_WARN_ENUM_CONVERSION = YES;
				CLANG_WARN_INT_CONVERSION = YES;
				CLANG_WARN_OBJC_ROOT_CLASS = YES_ERROR;
				CLANG_WARN_UNREACHABLE_CODE = YES;
				CLANG_WARN__DUPLICATE_METHOD_MATCH = YES;
				"CODE_SIGN_IDENTITY[sdk=iphoneos*]" = "iPhone Developer";
				COPY_PHASE_STRIP = NO;
				DEBUG_INFORMATION_FORMAT = dwarf;
				ENABLE_STRICT_OBJC_MSGSEND = YES;
				ENABLE_TESTABILITY = YES;
				GCC_C_LANGUAGE_STANDARD = gnu99;
				GCC_DYNAMIC_NO_PIC = NO;
				GCC_NO_COMMON_BLOCKS = YES;
				GCC_OPTIMIZATION_LEVEL = 0;
				GCC_PREPROCESSOR_DEFINITIONS = (
					"DEBUG=1",
					"$(inherited)",
				);
				GCC_WARN_64_TO_32_BIT_CONVERSION = YES;
				GCC_WARN_ABOUT_RETURN_TYPE = YES_ERROR;
				GCC_WARN_UNDECLARED_SELECTOR = YES;
				GCC_WARN_UNINITIALIZED_AUTOS = YES_AGGRESSIVE;
				GCC_WARN_UNUSED_FUNCTION = YES;
				GCC_WARN_UNUSED_VARIABLE = YES;
				IPHONEOS_DEPLOYMENT_TARGET = 9.3;
				MTL_ENABLE_DEBUG_INFO = YES;
				ONLY_ACTIVE_ARCH = YES;
				SDKROOT = iphoneos;
				SWIFT_OPTIMIZATION_LEVEL = "-Onone";
			};
			name = Debug;
		};
		BECF976D1D0534A400E4DA11 /* Release */ = {
			isa = XCBuildConfiguration;
			buildSettings = {
				ALWAYS_SEARCH_USER_PATHS = NO;
				CLANG_ANALYZER_NONNULL = YES;
				CLANG_CXX_LANGUAGE_STANDARD = "gnu++0x";
				CLANG_CXX_LIBRARY = "libc++";
				CLANG_ENABLE_MODULES = YES;
				CLANG_ENABLE_OBJC_ARC = YES;
				CLANG_WARN_BOOL_CONVERSION = YES;
				CLANG_WARN_CONSTANT_CONVERSION = YES;
				CLANG_WARN_DIRECT_OBJC_ISA_USAGE = YES_ERROR;
				CLANG_WARN_EMPTY_BODY = YES;
				CLANG_WARN_ENUM_CONVERSION = YES;
				CLANG_WARN_INT_CONVERSION = YES;
				CLANG_WARN_OBJC_ROOT_CLASS = YES_ERROR;
				CLANG_WARN_UNREACHABLE_CODE = YES;
				CLANG_WARN__DUPLICATE_METHOD_MATCH = YES;
				"CODE_SIGN_IDENTITY[sdk=iphoneos*]" = "iPhone Developer";
				COPY_PHASE_STRIP = NO;
				DEBUG_INFORMATION_FORMAT = "dwarf-with-dsym";
				ENABLE_NS_ASSERTIONS = NO;
				ENABLE_STRICT_OBJC_MSGSEND = YES;
				GCC_C_LANGUAGE_STANDARD = gnu99;
				GCC_NO_COMMON_BLOCKS = YES;
				GCC_WARN_64_TO_32_BIT_CONVERSION = YES;
				GCC_WARN_ABOUT_RETURN_TYPE = YES_ERROR;
				GCC_WARN_UNDECLARED_SELECTOR = YES;
				GCC_WARN_UNINITIALIZED_AUTOS = YES_AGGRESSIVE;
				GCC_WARN_UNUSED_FUNCTION = YES;
				GCC_WARN_UNUSED_VARIABLE = YES;
				IPHONEOS_DEPLOYMENT_TARGET = 9.3;
				MTL_ENABLE_DEBUG_INFO = NO;
				SDKROOT = iphoneos;
				VALIDATE_PRODUCT = YES;
			};
			name = Release;
		};
		BECF976F1D0534A400E4DA11 /* Debug */ = {
			isa = XCBuildConfiguration;
			buildSettings = {
				ASSETCATALOG_COMPILER_APPICON_NAME = AppIcon;
				INFOPLIST_FILE = ScrollMenu/Info.plist;
				LD_RUNPATH_SEARCH_PATHS = "$(inherited) @executable_path/Frameworks";
				PRODUCT_BUNDLE_IDENTIFIER = com.pauljarysta.ScrollMenu;
				PRODUCT_NAME = "$(TARGET_NAME)";
			};
			name = Debug;
		};
		BECF97701D0534A400E4DA11 /* Release */ = {
			isa = XCBuildConfiguration;
			buildSettings = {
				ASSETCATALOG_COMPILER_APPICON_NAME = AppIcon;
				INFOPLIST_FILE = ScrollMenu/Info.plist;
				LD_RUNPATH_SEARCH_PATHS = "$(inherited) @executable_path/Frameworks";
				PRODUCT_BUNDLE_IDENTIFIER = com.pauljarysta.ScrollMenu;
				PRODUCT_NAME = "$(TARGET_NAME)";
			};
			name = Release;
		};
/* End XCBuildConfiguration section */

/* Begin XCConfigurationList section */
		BECF97571D0534A400E4DA11 /* Build configuration list for PBXProject "ScrollMenu" */ = {
			isa = XCConfigurationList;
			buildConfigurations = (
				BECF976C1D0534A400E4DA11 /* Debug */,
				BECF976D1D0534A400E4DA11 /* Release */,
			);
			defaultConfigurationIsVisible = 0;
			defaultConfigurationName = Release;
		};
		BECF976E1D0534A400E4DA11 /* Build configuration list for PBXNativeTarget "ScrollMenu" */ = {
			isa = XCConfigurationList;
			buildConfigurations = (
				BECF976F1D0534A400E4DA11 /* Debug */,
				BECF97701D0534A400E4DA11 /* Release */,
			);
			defaultConfigurationIsVisible = 0;
		};
/* End XCConfigurationList section */
	};
	rootObject = BECF97541D0534A400E4DA11 /* Project object */;
}
